
Microsoft Visual Studio Solution File, Format Version 11.00
# Visual Studio 2010
Project("{8BC9CEB8-8B4A-11D0-8D11-00A0C91BC942}") = "BmpRot", "BmpRot\BmpRot.vcxproj", "{8DD1DC6B-96A8-4D69-AC39-9C831DDCC6EA}"
EndProject
Global
	GlobalSection(SolutionConfigurationPlatforms) = preSolution
		Debug|Win32 = Debug|Win32
		Release|Win32 = Release|Win32
	EndGlobalSection
	GlobalSection(ProjectConfigurationPlatforms) = postSolution
		{8DD1DC6B-96A8-4D69-AC39-9C831DDCC6EA}.Debug|Win32.ActiveCfg = Debug|Win32
		{8DD1DC6B-96A8-4D69-AC39-9C831DDCC6EA}.Debug|Win32.Build.0 = Debug|Win32
		{8DD1DC6B-96A8-4D69-AC39-9C831DDCC6EA}.Release|Win32.ActiveCfg = Release|Win32
		{8DD1DC6B-96A8-4D69-AC39-9C831DDCC6EA}.Release|Win32.Build.0 = Release|Win32
	EndGlobalSection
	GlobalSection(SolutionProperties) = preSolution
		HideSolutionNode = FALSE
	EndGlobalSection
EndGlobal
